
Microsoft Visual Studio Solution File, Format Version 12.00
# Visual Studio Version 16
VisualStudioVersion = 16.0.31624.102
MinimumVisualStudioVersion = 10.0.40219.1
Project("{FAE04EC0-301F-11D3-BF4B-00C04F79EFBC}") = "WebApiNotes", "WebApiNotes\WebApiNotes.csproj", "{9F912E4F-D62E-4AD7-B7B9-6F829FC2CF12}"
EndProject
Global
	GlobalSection(SolutionConfigurationPlatforms) = preSolution
		Debug|Any CPU = Debug|Any CPU
		Release|Any CPU = Release|Any CPU
	EndGlobalSection
	GlobalSection(ProjectConfigurationPlatforms) = postSolution
		{9F912E4F-D62E-4AD7-B7B9-6F829FC2CF12}.Debug|Any CPU.ActiveCfg = Debug|Any CPU
		{9F912E4F-D62E-4AD7-B7B9-6F829FC2CF12}.Debug|Any CPU.Build.0 = Debug|Any CPU
		{9F912E4F-D62E-4AD7-B7B9-6F829FC2CF12}.Release|Any CPU.ActiveCfg = Release|Any CPU
		{9F912E4F-D62E-4AD7-B7B9-6F829FC2CF12}.Release|Any CPU.Build.0 = Release|Any CPU
	EndGlobalSection
	GlobalSection(SolutionProperties) = preSolution
		HideSolutionNode = FALSE
	EndGlobalSection
	GlobalSection(ExtensibilityGlobals) = postSolution
		SolutionGuid = {6B3E5583-0AC6-4180-BF45-E4FA49710936}
	EndGlobalSection
EndGlobal
